# This file is automatically @generated by Cargo.
# It is not intended for manual editing.
version = 4

[[package]]
name = "limine"
version = "0.1.0"
source = "git+https://github.com/zlamb1/limine-rs/#103d887fd9595b99c09309047d4ae6b101da57d6"

[[package]]
name = "void"
version = "0.1.0"
dependencies = [
 "limine",
]
