# This file is automatically @generated by Cargo.
# It is not intended for manual editing.
version = 4

[[package]]
name = "limine"
version = "0.1.0"
source = "git+https://github.com/zlamb1/limine-rs/#941dbf13d53f04d4610f2e95f227ca43f7b405e9"

[[package]]
name = "void"
version = "0.1.0"
dependencies = [
 "limine",
]
